
Microsoft Visual Studio Solution File, Format Version 12.00
# Visual Studio Version 16
VisualStudioVersion = 25.0.1704.2
MinimumVisualStudioVersion = 10.0.40219.1
Project("{FAE04EC0-301F-11D3-BF4B-00C04F79EFBC}") = "CQRSMeditRDemo", "CQRSMeditRDemo\CQRSMeditRDemo.csproj", "{F2ED75CE-E781-4D58-9DDC-8BD6BD2183E5}"
EndProject
Global
	GlobalSection(SolutionConfigurationPlatforms) = preSolution
		Debug|Any CPU = Debug|Any CPU
		Release|Any CPU = Release|Any CPU
	EndGlobalSection
	GlobalSection(ProjectConfigurationPlatforms) = postSolution
		{F2ED75CE-E781-4D58-9DDC-8BD6BD2183E5}.Debug|Any CPU.ActiveCfg = Debug|Any CPU
		{F2ED75CE-E781-4D58-9DDC-8BD6BD2183E5}.Debug|Any CPU.Build.0 = Debug|Any CPU
		{F2ED75CE-E781-4D58-9DDC-8BD6BD2183E5}.Release|Any CPU.ActiveCfg = Release|Any CPU
		{F2ED75CE-E781-4D58-9DDC-8BD6BD2183E5}.Release|Any CPU.Build.0 = Release|Any CPU
	EndGlobalSection
	GlobalSection(SolutionProperties) = preSolution
		HideSolutionNode = FALSE
	EndGlobalSection
	GlobalSection(ExtensibilityGlobals) = postSolution
		SolutionGuid = {7009AB9A-FD9C-43E1-8095-AAE649F45B9E}
	EndGlobalSection
EndGlobal
